
Microsoft Visual Studio Solution File, Format Version 12.00
# Visual Studio Version 17
VisualStudioVersion = 17.0.31903.59
MinimumVisualStudioVersion = 10.0.40219.1
Project("{FAE04EC0-301F-11D3-BF4B-00C04F79EFBC}") = "Ollie", "Ollie\Ollie.csproj", "{961F5531-850F-4E37-A2E8-98F763F13C4D}"
EndProject
Global
	GlobalSection(SolutionConfigurationPlatforms) = preSolution
		Debug|Any CPU = Debug|Any CPU
		Release|Any CPU = Release|Any CPU
	EndGlobalSection
	GlobalSection(ProjectConfigurationPlatforms) = postSolution
		{961F5531-850F-4E37-A2E8-98F763F13C4D}.Debug|Any CPU.ActiveCfg = Debug|Any CPU
		{961F5531-850F-4E37-A2E8-98F763F13C4D}.Debug|Any CPU.Build.0 = Debug|Any CPU
		{961F5531-850F-4E37-A2E8-98F763F13C4D}.Release|Any CPU.ActiveCfg = Release|Any CPU
		{961F5531-850F-4E37-A2E8-98F763F13C4D}.Release|Any CPU.Build.0 = Release|Any CPU
	EndGlobalSection
	GlobalSection(SolutionProperties) = preSolution
		HideSolutionNode = FALSE
	EndGlobalSection
	GlobalSection(ExtensibilityGlobals) = postSolution
		SolutionGuid = {89463F64-1074-4B0F-9E36-6E32C364CDE4}
	EndGlobalSection
EndGlobal
